lockfileVersion: '9.0'

settings:
  autoInstallPeers: true
  excludeLinksFromLockfile: false

importers:

  .:
    dependencies:
      apiplatform-fetch-builder:
        specifier: ^0.0.7
        version: 0.0.7

packages:

  apiplatform-fetch-builder@0.0.7:
    resolution: {integrity: sha512-PYZYa1zgbWnv906fI2aTQFzMxKYyqKvlhA//Jy2tmFu9OJAkc5tLS8IZUI3NZ65W+lxfgTZupN4x7Wcaw2SUIQ==}
    engines: {node: '>=18'}

snapshots:

  apiplatform-fetch-builder@0.0.7: {}
