lockfileVersion: '9.0'

settings:
  autoInstallPeers: true
  excludeLinksFromLockfile: false

importers:

  .:
    dependencies:
      apiplatform-fetch-builder:
        specifier: ^0.0.5
        version: 0.0.5

packages:

  apiplatform-fetch-builder@0.0.5:
    resolution: {integrity: sha512-xN23zuu5v4mQB8NVdJIg2lpIHFdQasOBjazi3oYB65A4+G6Yw2e/tAnIo3tvqqcGMBdtj0SpDH3LEOeHMLQe/w==}

snapshots:

  apiplatform-fetch-builder@0.0.5: {}
