lockfileVersion: '9.0'

settings:
  autoInstallPeers: true
  excludeLinksFromLockfile: false

importers:

  .:
    dependencies:
      apiplatform-fetch-builder:
        specifier: ^0.0.3
        version: 0.0.3

packages:

  apiplatform-fetch-builder@0.0.3:
    resolution: {integrity: sha512-sHfQNm5Swq6lxH2mKwy6anDjpaEzoqlu0iS06M2/9xP46e3XKlU8pnxT0GrDpVAtt5P7c6GQlpGz+PU1CCwnag==}

snapshots:

  apiplatform-fetch-builder@0.0.3: {}
