lockfileVersion: '9.0'

settings:
  autoInstallPeers: true
  excludeLinksFromLockfile: false

importers:

  .:
    dependencies:
      apiplatform-fetch-builder:
        specifier: ^0.0.2
        version: 0.0.2

packages:

  apiplatform-fetch-builder@0.0.2:
    resolution: {integrity: sha512-w3NxaUqgLGvAbGz5sqJ9aEYoW9nzRPenbs7ulp+DBTh1WQorU5EgZhOqC10dbJPQ3Qy7ZxIh6KN1oAm1q4zbcg==}

snapshots:

  apiplatform-fetch-builder@0.0.2: {}
